{
  "requires": true,
  "lockfileVersion": 1,
  "dependencies": {
    "@progress/kendo-ui": {
      "version": "2020.1.219",
      "resolved": "https://registry.npmjs.org/@progress/kendo-ui/-/kendo-ui-2020.1.219.tgz",
      "integrity": "sha512-aj6qFi+huFmfsWZ5RJCxJJK374JblcpQUOJxpHgVharH/ciQjRh25HmuoKWr/bznvfV7s7p99Z8i8u4oU1Dobg==",
      "requires": {
        "jquery": "<=3"
      }
    },
    "jquery": {
      "version": "3.4.1",
      "resolved": "https://registry.npmjs.org/jquery/-/jquery-3.4.1.tgz",
      "integrity": "sha512-36+AdBzCL+y6qjw5Tx7HgzeGCzC81MDDgaUP8ld2zhx58HdqXGoBd+tHdrBMiyjGQs0Hxs/MLZTu/eHNJJuWPw=="
    }
  }
}
